
Microsoft Visual Studio Solution File, Format Version 12.00
# Visual Studio Version 16
VisualStudioVersion = 16.0.30309.148
MinimumVisualStudioVersion = 10.0.40219.1
Project("{FAE04EC0-301F-11D3-BF4B-00C04F79EFBC}") = "TurkSeker", "TurkSeker\TurkSeker.csproj", "{2120D58B-3EBB-4BC8-B9B0-506C79A4A332}"
EndProject
Global
	GlobalSection(SolutionConfigurationPlatforms) = preSolution
		Debug|Any CPU = Debug|Any CPU
		Release|Any CPU = Release|Any CPU
	EndGlobalSection
	GlobalSection(ProjectConfigurationPlatforms) = postSolution
		{2120D58B-3EBB-4BC8-B9B0-506C79A4A332}.Debug|Any CPU.ActiveCfg = Debug|Any CPU
		{2120D58B-3EBB-4BC8-B9B0-506C79A4A332}.Debug|Any CPU.Build.0 = Debug|Any CPU
		{2120D58B-3EBB-4BC8-B9B0-506C79A4A332}.Release|Any CPU.ActiveCfg = Release|Any CPU
		{2120D58B-3EBB-4BC8-B9B0-506C79A4A332}.Release|Any CPU.Build.0 = Release|Any CPU
	EndGlobalSection
	GlobalSection(SolutionProperties) = preSolution
		HideSolutionNode = FALSE
	EndGlobalSection
	GlobalSection(ExtensibilityGlobals) = postSolution
		SolutionGuid = {D0C2D3B8-0595-4BB6-BC69-5453449C9CAB}
	EndGlobalSection
EndGlobal
